dependencies:
- name: gitlab
  repository: ""
  version: '*.*.*'
- name: certmanager-issuer
  repository: ""
  version: '*.*.*'
- name: minio
  repository: ""
  version: '*.*.*'
- name: registry
  repository: ""
  version: '*.*.*'
- name: cert-manager
  repository: https://charts.jetstack.io/
  version: v1.17.4
- name: gitlab-runner
  repository: https://charts.gitlab.io/
  version: 0.85.0
- name: nginx-ingress
  repository: ""
  version: '*.*.*'
- name: nginx-ingress
  repository: ""
  version: '*.*.*'
digest: sha256:a501e9603333365b27cb214a4089e5a257d85f41aa2373e535af10f3e3d1be1d
generated: "2026-03-12T23:47:36.911793+08:00"
